
Microsoft Visual Studio Solution File, Format Version 12.00
# Visual Studio 15
VisualStudioVersion = 15.0.28010.2036
MinimumVisualStudioVersion = 10.0.40219.1
Project("{888888A0-9F3D-457C-B088-3A5042F75D52}") = "nilearn", "nilearn.pyproj", "{933763D0-5654-46DA-ABFB-E2032301C0BE}"
EndProject
Global
	GlobalSection(SolutionConfigurationPlatforms) = preSolution
		Debug|Any CPU = Debug|Any CPU
		Release|Any CPU = Release|Any CPU
	EndGlobalSection
	GlobalSection(ProjectConfigurationPlatforms) = postSolution
		{933763D0-5654-46DA-ABFB-E2032301C0BE}.Debug|Any CPU.ActiveCfg = Debug|Any CPU
		{933763D0-5654-46DA-ABFB-E2032301C0BE}.Release|Any CPU.ActiveCfg = Release|Any CPU
	EndGlobalSection
	GlobalSection(SolutionProperties) = preSolution
		HideSolutionNode = FALSE
	EndGlobalSection
	GlobalSection(ExtensibilityGlobals) = postSolution
		SolutionGuid = {B2B34ED1-FAAE-4B3B-8609-52F47537A25B}
	EndGlobalSection
EndGlobal
